
Microsoft Visual Studio Solution File, Format Version 12.00
# Visual Studio Version 17
VisualStudioVersion = 17.6.33815.320
MinimumVisualStudioVersion = 10.0.40219.1
Project("{FAE04EC0-301F-11D3-BF4B-00C04F79EFBC}") = "ConAppAssignment22_Reflections", "ConAppAssignment22_Reflections\ConAppAssignment22_Reflections.csproj", "{6278AFD0-7F44-4B7C-A821-305E1FC11B24}"
EndProject
Global
	GlobalSection(SolutionConfigurationPlatforms) = preSolution
		Debug|Any CPU = Debug|Any CPU
		Release|Any CPU = Release|Any CPU
	EndGlobalSection
	GlobalSection(ProjectConfigurationPlatforms) = postSolution
		{6278AFD0-7F44-4B7C-A821-305E1FC11B24}.Debug|Any CPU.ActiveCfg = Debug|Any CPU
		{6278AFD0-7F44-4B7C-A821-305E1FC11B24}.Debug|Any CPU.Build.0 = Debug|Any CPU
		{6278AFD0-7F44-4B7C-A821-305E1FC11B24}.Release|Any CPU.ActiveCfg = Release|Any CPU
		{6278AFD0-7F44-4B7C-A821-305E1FC11B24}.Release|Any CPU.Build.0 = Release|Any CPU
	EndGlobalSection
	GlobalSection(SolutionProperties) = preSolution
		HideSolutionNode = FALSE
	EndGlobalSection
	GlobalSection(ExtensibilityGlobals) = postSolution
		SolutionGuid = {6B784DCB-D975-4255-9ED7-407DD2EED2F2}
	EndGlobalSection
EndGlobal
